
Microsoft Visual Studio Solution File, Format Version 12.00
# Visual Studio 2012
Project("{FAE04EC0-301F-11D3-BF4B-00C04F79EFBC}") = "TAlex.MathCore", "TAlex.MathCore\TAlex.MathCore.csproj", "{97A80E94-CD29-4CED-9C78-510D7CDC0F91}"
EndProject
Project("{FAE04EC0-301F-11D3-BF4B-00C04F79EFBC}") = "TAlex.MathCore.LinearAlgebra", "TAlex.MathCore.LinearAlgebra\TAlex.MathCore.LinearAlgebra.csproj", "{44709D81-B144-4BF5-BA30-CA852FA9B29B}"
EndProject
Project("{2150E333-8FDC-42A3-9474-1A3956D46DE8}") = "Tests", "Tests", "{37EACF5A-E850-4D26-860F-707D0CF7E54A}"
EndProject
Global
	GlobalSection(SolutionConfigurationPlatforms) = preSolution
		Debug|Any CPU = Debug|Any CPU
		Release|Any CPU = Release|Any CPU
	EndGlobalSection
	GlobalSection(ProjectConfigurationPlatforms) = postSolution
		{97A80E94-CD29-4CED-9C78-510D7CDC0F91}.Debug|Any CPU.ActiveCfg = Debug|Any CPU
		{97A80E94-CD29-4CED-9C78-510D7CDC0F91}.Debug|Any CPU.Build.0 = Debug|Any CPU
		{97A80E94-CD29-4CED-9C78-510D7CDC0F91}.Release|Any CPU.ActiveCfg = Release|Any CPU
		{97A80E94-CD29-4CED-9C78-510D7CDC0F91}.Release|Any CPU.Build.0 = Release|Any CPU
		{44709D81-B144-4BF5-BA30-CA852FA9B29B}.Debug|Any CPU.ActiveCfg = Debug|Any CPU
		{44709D81-B144-4BF5-BA30-CA852FA9B29B}.Debug|Any CPU.Build.0 = Debug|Any CPU
		{44709D81-B144-4BF5-BA30-CA852FA9B29B}.Release|Any CPU.ActiveCfg = Release|Any CPU
		{44709D81-B144-4BF5-BA30-CA852FA9B29B}.Release|Any CPU.Build.0 = Release|Any CPU
	EndGlobalSection
	GlobalSection(SolutionProperties) = preSolution
		HideSolutionNode = FALSE
	EndGlobalSection
EndGlobal
